// !$*UTF8*$!
{
	archiveVersion = 1;
	classes = {
	};
	objectVersion = 48;
	objects = {

/* Begin PBXBuildFile section */
		1D0794D063CDB4C5EB3EF35D /* Pods_Instagram.framework in Frameworks */ = {isa = PBXBuildFile; fileRef = DDDE2540687A2358D4FA5417 /* Pods_Instagram.framework */; };
		5C497F7D2124BBA000E1FE13 /* LoginViewController.swift in Sources */ = {isa = PBXBuildFile; fileRef = 5C497F7C2124BBA000E1FE13 /* LoginViewController.swift */; };
		5C497F802124C17D00E1FE13 /* PostsViewController.swift in Sources */ = {isa = PBXBuildFile; fileRef = 5C497F7F2124C17D00E1FE13 /* PostsViewController.swift */; };
		5C5829562124B7F900C16785 /* AppDelegate.swift in Sources */ = {isa = PBXBuildFile; fileRef = 5C5829552124B7F900C16785 /* AppDelegate.swift */; };
		5C5829582124B7F900C16785 /* ViewController.swift in Sources */ = {isa = PBXBuildFile; fileRef = 5C5829572124B7F900C16785 /* ViewController.swift */; };
		5C58295B2124B7F900C16785 /* Main.storyboard in Resources */ = {isa = PBXBuildFile; fileRef = 5C5829592124B7F900C16785 /* Main.storyboard */; };
		5C58295D2124B7F900C16785 /* Assets.xcassets in Resources */ = {isa = PBXBuildFile; fileRef = 5C58295C2124B7F900C16785 /* Assets.xcassets */; };
		5C5829602124B7F900C16785 /* LaunchScreen.storyboard in Resources */ = {isa = PBXBuildFile; fileRef = 5C58295E2124B7F900C16785 /* LaunchScreen.storyboard */; };
		5C58296B2124B7F900C16785 /* InstagramTests.swift in Sources */ = {isa = PBXBuildFile; fileRef = 5C58296A2124B7F900C16785 /* InstagramTests.swift */; };
		5C5829762124B7FA00C16785 /* InstagramUITests.swift in Sources */ = {isa = PBXBuildFile; fileRef = 5C5829752124B7FA00C16785 /* InstagramUITests.swift */; };
		5CA1906221258ED3008EB25F /* addNewPostViewController.swift in Sources */ = {isa = PBXBuildFile; fileRef = 5CA1906121258ED3008EB25F /* addNewPostViewController.swift */; };
		5CA1906421259A68008EB25F /* Post.swift in Sources */ = {isa = PBXBuildFile; fileRef = 5CA1906321259A68008EB25F /* Post.swift */; };
		5CA190662125A92F008EB25F /* PostsTableViewCell.swift in Sources */ = {isa = PBXBuildFile; fileRef = 5CA190652125A92F008EB25F /* PostsTableViewCell.swift */; };
		C561CC8749B158687396262E /* Pods_InstagramUITests.framework in Frameworks */ = {isa = PBXBuildFile; fileRef = 3F1B89911A8A283257931664 /* Pods_InstagramUITests.framework */; };
		DC43A9E494AE5CA8241BC5AA /* Pods_InstagramTests.framework in Frameworks */ = {isa = PBXBuildFile; fileRef = A401CBFB0FB66205C0A790F7 /* Pods_InstagramTests.framework */; };
/* End PBXBuildFile section */

/* Begin PBXContainerItemProxy section */
		5C5829672124B7F900C16785 /* PBXContainerItemProxy */ = {
			isa = PBXContainerItemProxy;
			containerPortal = 5C58294A2124B7F900C16785 /* Project object */;
			proxyType = 1;
			remoteGlobalIDString = 5C5829512124B7F900C16785;
			remoteInfo = Instagram;
		};
		5C5829722124B7FA00C16785 /* PBXContainerItemProxy */ = {
			isa = PBXContainerItemProxy;
			containerPortal = 5C58294A2124B7F900C16785 /* Project object */;
			proxyType = 1;
			remoteGlobalIDString = 5C5829512124B7F900C16785;
			remoteInfo = Instagram;
		};
/* End PBXContainerItemProxy section */

/* Begin PBXFileReference section */
		32DA26FB3D4F089ED5505818 /* Pods-InstagramTests.release.xcconfig */ = {isa = PBXFileReference; includeInIndex = 1; lastKnownFileType = text.xcconfig; name = "Pods-InstagramTests.release.xcconfig"; path = "Pods/Target Support Files/Pods-InstagramTests/Pods-InstagramTests.release.xcconfig"; sourceTree = "<group>"; };
		3F1B89911A8A283257931664 /* Pods_InstagramUITests.framework */ = {isa = PBXFileReference; explicitFileType = wrapper.framework; includeInIndex = 0; path = Pods_InstagramUITests.framework; sourceTree = BUILT_PRODUCTS_DIR; };
		5060FFD9CD0D86159B09F31C /* Pods-Instagram.release.xcconfig */ = {isa = PBXFileReference; includeInIndex = 1; lastKnownFileType = text.xcconfig; name = "Pods-Instagram.release.xcconfig"; path = "Pods/Target Support Files/Pods-Instagram/Pods-Instagram.release.xcconfig"; sourceTree = "<group>"; };
		5C497F7C2124BBA000E1FE13 /* LoginViewController.swift */ = {isa = PBXFileReference; lastKnownFileType = sourcecode.swift; path = LoginViewController.swift; sourceTree = "<group>"; };
		5C497F7F2124C17D00E1FE13 /* PostsViewController.swift */ = {isa = PBXFileReference; lastKnownFileType = sourcecode.swift; path = PostsViewController.swift; sourceTree = "<group>"; };
		5C5829522124B7F900C16785 /* Instagram.app */ = {isa = PBXFileReference; explicitFileType = wrapper.application; includeInIndex = 0; path = Instagram.app; sourceTree = BUILT_PRODUCTS_DIR; };
		5C5829552124B7F900C16785 /* AppDelegate.swift */ = {isa = PBXFileReference; lastKnownFileType = sourcecode.swift; path = AppDelegate.swift; sourceTree = "<group>"; };
		5C5829572124B7F900C16785 /* ViewController.swift */ = {isa = PBXFileReference; lastKnownFileType = sourcecode.swift; path = ViewController.swift; sourceTree = "<group>"; };
		5C58295A2124B7F900C16785 /* Base */ = {isa = PBXFileReference; lastKnownFileType = file.storyboard; name = Base; path = Base.lproj/Main.storyboard; sourceTree = "<group>"; };
		5C58295C2124B7F900C16785 /* Assets.xcassets */ = {isa = PBXFileReference; lastKnownFileType = folder.assetcatalog; path = Assets.xcassets; sourceTree = "<group>"; };
		5C58295F2124B7F900C16785 /* Base */ = {isa = PBXFileReference; lastKnownFileType = file.storyboard; name = Base; path = Base.lproj/LaunchScreen.storyboard; sourceTree = "<group>"; };
		5C5829612124B7F900C16785 /* Info.plist */ = {isa = PBXFileReference; lastKnownFileType = text.plist.xml; path = Info.plist; sourceTree = "<group>"; };
		5C5829662124B7F900C16785 /* InstagramTests.xctest */ = {isa = PBXFileReference; explicitFileType = wrapper.cfbundle; includeInIndex = 0; path = InstagramTests.xctest; sourceTree = BUILT_PRODUCTS_DIR; };
		5C58296A2124B7F900C16785 /* InstagramTests.swift */ = {isa = PBXFileReference; lastKnownFileType = sourcecode.swift; path = InstagramTests.swift; sourceTree = "<group>"; };
		5C58296C2124B7F900C16785 /* Info.plist */ = {isa = PBXFileReference; lastKnownFileType = text.plist.xml; path = Info.plist; sourceTree = "<group>"; };
		5C5829712124B7FA00C16785 /* InstagramUITests.xctest */ = {isa = PBXFileReference; explicitFileType = wrapper.cfbundle; includeInIndex = 0; path = InstagramUITests.xctest; sourceTree = BUILT_PRODUCTS_DIR; };
		5C5829752124B7FA00C16785 /* InstagramUITests.swift */ = {isa = PBXFileReference; lastKnownFileType = sourcecode.swift; path = InstagramUITests.swift; sourceTree = "<group>"; };
		5C5829772124B7FA00C16785 /* Info.plist */ = {isa = PBXFileReference; lastKnownFileType = text.plist.xml; path = Info.plist; sourceTree = "<group>"; };
		5CA1906121258ED3008EB25F /* addNewPostViewController.swift */ = {isa = PBXFileReference; lastKnownFileType = sourcecode.swift; path = addNewPostViewController.swift; sourceTree = "<group>"; };
		5CA1906321259A68008EB25F /* Post.swift */ = {isa = PBXFileReference; lastKnownFileType = sourcecode.swift; path = Post.swift; sourceTree = "<group>"; };
		5CA190652125A92F008EB25F /* PostsTableViewCell.swift */ = {isa = PBXFileReference; lastKnownFileType = sourcecode.swift; path = PostsTableViewCell.swift; sourceTree = "<group>"; };
		62FE974A3B6CB6A18401B465 /* Pods-InstagramUITests.release.xcconfig */ = {isa = PBXFileReference; includeInIndex = 1; lastKnownFileType = text.xcconfig; name = "Pods-InstagramUITests.release.xcconfig"; path = "Pods/Target Support Files/Pods-InstagramUITests/Pods-InstagramUITests.release.xcconfig"; sourceTree = "<group>"; };
		6783FB594A8FA13EECE544D0 /* Pods-Instagram.debug.xcconfig */ = {isa = PBXFileReference; includeInIndex = 1; lastKnownFileType = text.xcconfig; name = "Pods-Instagram.debug.xcconfig"; path = "Pods/Target Support Files/Pods-Instagram/Pods-Instagram.debug.xcconfig"; sourceTree = "<group>"; };
		95CE7CC251D27D701EBB793A /* Pods-InstagramUITests.debug.xcconfig */ = {isa = PBXFileReference; includeInIndex = 1; lastKnownFileType = text.xcconfig; name = "Pods-InstagramUITests.debug.xcconfig"; path = "Pods/Target Support Files/Pods-InstagramUITests/Pods-InstagramUITests.debug.xcconfig"; sourceTree = "<group>"; };
		A401CBFB0FB66205C0A790F7 /* Pods_InstagramTests.framework */ = {isa = PBXFileReference; explicitFileType = wrapper.framework; includeInIndex = 0; path = Pods_InstagramTests.framework; sourceTree = BUILT_PRODUCTS_DIR; };
		CB1A72E9035642E07DBF6931 /* Pods-InstagramTests.debug.xcconfig */ = {isa = PBXFileReference; includeInIndex = 1; lastKnownFileType = text.xcconfig; name = "Pods-InstagramTests.debug.xcconfig"; path = "Pods/Target Support Files/Pods-InstagramTests/Pods-InstagramTests.debug.xcconfig"; sourceTree = "<group>"; };
		DDDE2540687A2358D4FA5417 /* Pods_Instagram.framework */ = {isa = PBXFileReference; explicitFileType = wrapper.framework; includeInIndex = 0; path = Pods_Instagram.framework; sourceTree = BUILT_PRODUCTS_DIR; };
/* End PBXFileReference section */

/* Begin PBXFrameworksBuildPhase section */
		5C58294F2124B7F900C16785 /* Frameworks */ = {
			isa = PBXFrameworksBuildPhase;
			buildActionMask = 2147483647;
			files = (
				1D0794D063CDB4C5EB3EF35D /* Pods_Instagram.framework in Frameworks */,
			);
			runOnlyForDeploymentPostprocessing = 0;
		};
		5C5829632124B7F900C16785 /* Frameworks */ = {
			isa = PBXFrameworksBuildPhase;
			buildActionMask = 2147483647;
			files = (
				DC43A9E494AE5CA8241BC5AA /* Pods_InstagramTests.framework in Frameworks */,
			);
			runOnlyForDeploymentPostprocessing = 0;
		};
		5C58296E2124B7FA00C16785 /* Frameworks */ = {
			isa = PBXFrameworksBuildPhase;
			buildActionMask = 2147483647;
			files = (
				C561CC8749B158687396262E /* Pods_InstagramUITests.framework in Frameworks */,
			);
			runOnlyForDeploymentPostprocessing = 0;
		};
/* End PBXFrameworksBuildPhase section */

/* Begin PBXGroup section */
		5C497F7E2124BBA900E1FE13 /* ViewController */ = {
			isa = PBXGroup;
			children = (
				5C5829572124B7F900C16785 /* ViewController.swift */,
				5C497F7F2124C17D00E1FE13 /* PostsViewController.swift */,
				5C497F7C2124BBA000E1FE13 /* LoginViewController.swift */,
				5CA1906121258ED3008EB25F /* addNewPostViewController.swift */,
			);
			path = ViewController;
			sourceTree = "<group>";
		};
		5C5829492124B7F900C16785 = {
			isa = PBXGroup;
			children = (
				5C5829542124B7F900C16785 /* Instagram */,
				5C5829692124B7F900C16785 /* InstagramTests */,
				5C5829742124B7FA00C16785 /* InstagramUITests */,
				5C5829532124B7F900C16785 /* Products */,
				FF1BC744FFB19A8429763141 /* Pods */,
				F9033A4D8A83AB15640D8F02 /* Frameworks */,
			);
			sourceTree = "<group>";
		};
		5C5829532124B7F900C16785 /* Products */ = {
			isa = PBXGroup;
			children = (
				5C5829522124B7F900C16785 /* Instagram.app */,
				5C5829662124B7F900C16785 /* InstagramTests.xctest */,
				5C5829712124B7FA00C16785 /* InstagramUITests.xctest */,
			);
			name = Products;
			sourceTree = "<group>";
		};
		5C5829542124B7F900C16785 /* Instagram */ = {
			isa = PBXGroup;
			children = (
				5C5829552124B7F900C16785 /* AppDelegate.swift */,
				5CA190652125A92F008EB25F /* PostsTableViewCell.swift */,
				5C497F7E2124BBA900E1FE13 /* ViewController */,
				5C5829592124B7F900C16785 /* Main.storyboard */,
				5C58295C2124B7F900C16785 /* Assets.xcassets */,
				5CA1906321259A68008EB25F /* Post.swift */,
				5C58295E2124B7F900C16785 /* LaunchScreen.storyboard */,
				5C5829612124B7F900C16785 /* Info.plist */,
			);
			path = Instagram;
			sourceTree = "<group>";
		};
		5C5829692124B7F900C16785 /* InstagramTests */ = {
			isa = PBXGroup;
			children = (
				5C58296A2124B7F900C16785 /* InstagramTests.swift */,
				5C58296C2124B7F900C16785 /* Info.plist */,
			);
			path = InstagramTests;
			sourceTree = "<group>";
		};
		5C5829742124B7FA00C16785 /* InstagramUITests */ = {
			isa = PBXGroup;
			children = (
				5C5829752124B7FA00C16785 /* InstagramUITests.swift */,
				5C5829772124B7FA00C16785 /* Info.plist */,
			);
			path = InstagramUITests;
			sourceTree = "<group>";
		};
		F9033A4D8A83AB15640D8F02 /* Frameworks */ = {
			isa = PBXGroup;
			children = (
				DDDE2540687A2358D4FA5417 /* Pods_Instagram.framework */,
				A401CBFB0FB66205C0A790F7 /* Pods_InstagramTests.framework */,
				3F1B89911A8A283257931664 /* Pods_InstagramUITests.framework */,
			);
			name = Frameworks;
			sourceTree = "<group>";
		};
		FF1BC744FFB19A8429763141 /* Pods */ = {
			isa = PBXGroup;
			children = (
				6783FB594A8FA13EECE544D0 /* Pods-Instagram.debug.xcconfig */,
				5060FFD9CD0D86159B09F31C /* Pods-Instagram.release.xcconfig */,
				CB1A72E9035642E07DBF6931 /* Pods-InstagramTests.debug.xcconfig */,
				32DA26FB3D4F089ED5505818 /* Pods-InstagramTests.release.xcconfig */,
				95CE7CC251D27D701EBB793A /* Pods-InstagramUITests.debug.xcconfig */,
				62FE974A3B6CB6A18401B465 /* Pods-InstagramUITests.release.xcconfig */,
			);
			name = Pods;
			sourceTree = "<group>";
		};
/* End PBXGroup section */

/* Begin PBXNativeTarget section */
		5C5829512124B7F900C16785 /* Instagram */ = {
			isa = PBXNativeTarget;
			buildConfigurationList = 5C58297A2124B7FA00C16785 /* Build configuration list for PBXNativeTarget "Instagram" */;
			buildPhases = (
				933EF77C7825E7E8A4921BE7 /* [CP] Check Pods Manifest.lock */,
				5C58294E2124B7F900C16785 /* Sources */,
				5C58294F2124B7F900C16785 /* Frameworks */,
				5C5829502124B7F900C16785 /* Resources */,
				E39FFE61AF075ACC3EB35740 /* [CP] Embed Pods Frameworks */,
			);
			buildRules = (
			);
			dependencies = (
			);
			name = Instagram;
			productName = Instagram;
			productReference = 5C5829522124B7F900C16785 /* Instagram.app */;
			productType = "com.apple.product-type.application";
		};
		5C5829652124B7F900C16785 /* InstagramTests */ = {
			isa = PBXNativeTarget;
			buildConfigurationList = 5C58297D2124B7FA00C16785 /* Build configuration list for PBXNativeTarget "InstagramTests" */;
			buildPhases = (
				5545345B20F0109845E51999 /* [CP] Check Pods Manifest.lock */,
				5C5829622124B7F900C16785 /* Sources */,
				5C5829632124B7F900C16785 /* Frameworks */,
				5C5829642124B7F900C16785 /* Resources */,
			);
			buildRules = (
			);
			dependencies = (
				5C5829682124B7F900C16785 /* PBXTargetDependency */,
			);
			name = InstagramTests;
			productName = InstagramTests;
			productReference = 5C5829662124B7F900C16785 /* InstagramTests.xctest */;
			productType = "com.apple.product-type.bundle.unit-test";
		};
		5C5829702124B7FA00C16785 /* InstagramUITests */ = {
			isa = PBXNativeTarget;
			buildConfigurationList = 5C5829802124B7FA00C16785 /* Build configuration list for PBXNativeTarget "InstagramUITests" */;
			buildPhases = (
				DEE766F7FD2AEE6548B287B2 /* [CP] Check Pods Manifest.lock */,
				5C58296D2124B7FA00C16785 /* Sources */,
				5C58296E2124B7FA00C16785 /* Frameworks */,
				5C58296F2124B7FA00C16785 /* Resources */,
			);
			buildRules = (
			);
			dependencies = (
				5C5829732124B7FA00C16785 /* PBXTargetDependency */,
			);
			name = InstagramUITests;
			productName = InstagramUITests;
			productReference = 5C5829712124B7FA00C16785 /* InstagramUITests.xctest */;
			productType = "com.apple.product-type.bundle.ui-testing";
		};
/* End PBXNativeTarget section */

/* Begin PBXProject section */
		5C58294A2124B7F900C16785 /* Project object */ = {
			isa = PBXProject;
			attributes = {
				LastSwiftUpdateCheck = 0910;
				LastUpgradeCheck = 0910;
				ORGANIZATIONNAME = "Mayank Gandhi";
				TargetAttributes = {
					5C5829512124B7F900C16785 = {
						CreatedOnToolsVersion = 9.1;
						ProvisioningStyle = Automatic;
					};
					5C5829652124B7F900C16785 = {
						CreatedOnToolsVersion = 9.1;
						ProvisioningStyle = Automatic;
						TestTargetID = 5C5829512124B7F900C16785;
					};
					5C5829702124B7FA00C16785 = {
						CreatedOnToolsVersion = 9.1;
						ProvisioningStyle = Automatic;
						TestTargetID = 5C5829512124B7F900C16785;
					};
				};
			};
			buildConfigurationList = 5C58294D2124B7F900C16785 /* Build configuration list for PBXProject "Instagram" */;
			compatibilityVersion = "Xcode 8.0";
			developmentRegion = en;
			hasScannedForEncodings = 0;
			knownRegions = (
				en,
				Base,
			);
			mainGroup = 5C5829492124B7F900C16785;
			productRefGroup = 5C5829532124B7F900C16785 /* Products */;
			projectDirPath = "";
			projectRoot = "";
			targets = (
				5C5829512124B7F900C16785 /* Instagram */,
				5C5829652124B7F900C16785 /* InstagramTests */,
				5C5829702124B7FA00C16785 /* InstagramUITests */,
			);
		};
/* End PBXProject section */

/* Begin PBXResourcesBuildPhase section */
		5C5829502124B7F900C16785 /* Resources */ = {
			isa = PBXResourcesBuildPhase;
			buildActionMask = 2147483647;
			files = (
				5C5829602124B7F900C16785 /* LaunchScreen.storyboard in Resources */,
				5C58295D2124B7F900C16785 /* Assets.xcassets in Resources */,
				5C58295B2124B7F900C16785 /* Main.storyboard in Resources */,
			);
			runOnlyForDeploymentPostprocessing = 0;
		};
		5C5829642124B7F900C16785 /* Resources */ = {
			isa = PBXResourcesBuildPhase;
			buildActionMask = 2147483647;
			files = (
			);
			runOnlyForDeploymentPostprocessing = 0;
		};
		5C58296F2124B7FA00C16785 /* Resources */ = {
			isa = PBXResourcesBuildPhase;
			buildActionMask = 2147483647;
			files = (
			);
			runOnlyForDeploymentPostprocessing = 0;
		};
/* End PBXResourcesBuildPhase section */

/* Begin PBXShellScriptBuildPhase section */
		5545345B20F0109845E51999 /* [CP] Check Pods Manifest.lock */ = {
			isa = PBXShellScriptBuildPhase;
			buildActionMask = 2147483647;
			files = (
			);
			inputPaths = (
				"${PODS_PODFILE_DIR_PATH}/Podfile.lock",
				"${PODS_ROOT}/Manifest.lock",
			);
			name = "[CP] Check Pods Manifest.lock";
			outputPaths = (
				"$(DERIVED_FILE_DIR)/Pods-InstagramTests-checkManifestLockResult.txt",
			);
			runOnlyForDeploymentPostprocessing = 0;
			shellPath = /bin/sh;
			shellScript = "diff \"${PODS_PODFILE_DIR_PATH}/Podfile.lock\" \"${PODS_ROOT}/Manifest.lock\" > /dev/null\nif [ $? != 0 ] ; then\n    # print error to STDERR\n    echo \"error: The sandbox is not in sync with the Podfile.lock. Run 'pod install' or update your CocoaPods installation.\" >&2\n    exit 1\nfi\n# This output is used by Xcode 'outputs' to avoid re-running this script phase.\necho \"SUCCESS\" > \"${SCRIPT_OUTPUT_FILE_0}\"\n";
			showEnvVarsInLog = 0;
		};
		933EF77C7825E7E8A4921BE7 /* [CP] Check Pods Manifest.lock */ = {
			isa = PBXShellScriptBuildPhase;
			buildActionMask = 2147483647;
			files = (
			);
			inputPaths = (
				"${PODS_PODFILE_DIR_PATH}/Podfile.lock",
				"${PODS_ROOT}/Manifest.lock",
			);
			name = "[CP] Check Pods Manifest.lock";
			outputPaths = (
				"$(DERIVED_FILE_DIR)/Pods-Instagram-checkManifestLockResult.txt",
			);
			runOnlyForDeploymentPostprocessing = 0;
			shellPath = /bin/sh;
			shellScript = "diff \"${PODS_PODFILE_DIR_PATH}/Podfile.lock\" \"${PODS_ROOT}/Manifest.lock\" > /dev/null\nif [ $? != 0 ] ; then\n    # print error to STDERR\n    echo \"error: The sandbox is not in sync with the Podfile.lock. Run 'pod install' or update your CocoaPods installation.\" >&2\n    exit 1\nfi\n# This output is used by Xcode 'outputs' to avoid re-running this script phase.\necho \"SUCCESS\" > \"${SCRIPT_OUTPUT_FILE_0}\"\n";
			showEnvVarsInLog = 0;
		};
		DEE766F7FD2AEE6548B287B2 /* [CP] Check Pods Manifest.lock */ = {
			isa = PBXShellScriptBuildPhase;
			buildActionMask = 2147483647;
			files = (
			);
			inputPaths = (
				"${PODS_PODFILE_DIR_PATH}/Podfile.lock",
				"${PODS_ROOT}/Manifest.lock",
			);
			name = "[CP] Check Pods Manifest.lock";
			outputPaths = (
				"$(DERIVED_FILE_DIR)/Pods-InstagramUITests-checkManifestLockResult.txt",
			);
			runOnlyForDeploymentPostprocessing = 0;
			shellPath = /bin/sh;
			shellScript = "diff \"${PODS_PODFILE_DIR_PATH}/Podfile.lock\" \"${PODS_ROOT}/Manifest.lock\" > /dev/null\nif [ $? != 0 ] ; then\n    # print error to STDERR\n    echo \"error: The sandbox is not in sync with the Podfile.lock. Run 'pod install' or update your CocoaPods installation.\" >&2\n    exit 1\nfi\n# This output is used by Xcode 'outputs' to avoid re-running this script phase.\necho \"SUCCESS\" > \"${SCRIPT_OUTPUT_FILE_0}\"\n";
			showEnvVarsInLog = 0;
		};
		E39FFE61AF075ACC3EB35740 /* [CP] Embed Pods Frameworks */ = {
			isa = PBXShellScriptBuildPhase;
			buildActionMask = 2147483647;
			files = (
			);
			inputPaths = (
				"${SRCROOT}/Pods/Target Support Files/Pods-Instagram/Pods-Instagram-frameworks.sh",
				"${BUILT_PRODUCTS_DIR}/Bolts/Bolts.framework",
				"${BUILT_PRODUCTS_DIR}/Parse/Parse.framework",
			);
			name = "[CP] Embed Pods Frameworks";
			outputPaths = (
				"${TARGET_BUILD_DIR}/${FRAMEWORKS_FOLDER_PATH}/Bolts.framework",
				"${TARGET_BUILD_DIR}/${FRAMEWORKS_FOLDER_PATH}/Parse.framework",
			);
			runOnlyForDeploymentPostprocessing = 0;
			shellPath = /bin/sh;
			shellScript = "\"${SRCROOT}/Pods/Target Support Files/Pods-Instagram/Pods-Instagram-frameworks.sh\"\n";
			showEnvVarsInLog = 0;
		};
/* End PBXShellScriptBuildPhase section */

/* Begin PBXSourcesBuildPhase section */
		5C58294E2124B7F900C16785 /* Sources */ = {
			isa = PBXSourcesBuildPhase;
			buildActionMask = 2147483647;
			files = (
				5CA1906221258ED3008EB25F /* addNewPostViewController.swift in Sources */,
				5C497F802124C17D00E1FE13 /* PostsViewController.swift in Sources */,
				5C497F7D2124BBA000E1FE13 /* LoginViewController.swift in Sources */,
				5CA1906421259A68008EB25F /* Post.swift in Sources */,
				5C5829582124B7F900C16785 /* ViewController.swift in Sources */,
				5CA190662125A92F008EB25F /* PostsTableViewCell.swift in Sources */,
				5C5829562124B7F900C16785 /* AppDelegate.swift in Sources */,
			);
			runOnlyForDeploymentPostprocessing = 0;
		};
		5C5829622124B7F900C16785 /* Sources */ = {
			isa = PBXSourcesBuildPhase;
			buildActionMask = 2147483647;
			files = (
				5C58296B2124B7F900C16785 /* InstagramTests.swift in Sources */,
			);
			runOnlyForDeploymentPostprocessing = 0;
		};
		5C58296D2124B7FA00C16785 /* Sources */ = {
			isa = PBXSourcesBuildPhase;
			buildActionMask = 2147483647;
			files = (
				5C5829762124B7FA00C16785 /* InstagramUITests.swift in Sources */,
			);
			runOnlyForDeploymentPostprocessing = 0;
		};
/* End PBXSourcesBuildPhase section */

/* Begin PBXTargetDependency section */
		5C5829682124B7F900C16785 /* PBXTargetDependency */ = {
			isa = PBXTargetDependency;
			target = 5C5829512124B7F900C16785 /* Instagram */;
			targetProxy = 5C5829672124B7F900C16785 /* PBXContainerItemProxy */;
		};
		5C5829732124B7FA00C16785 /* PBXTargetDependency */ = {
			isa = PBXTargetDependency;
			target = 5C5829512124B7F900C16785 /* Instagram */;
			targetProxy = 5C5829722124B7FA00C16785 /* PBXContainerItemProxy */;
		};
/* End PBXTargetDependency section */

/* Begin PBXVariantGroup section */
		5C5829592124B7F900C16785 /* Main.storyboard */ = {
			isa = PBXVariantGroup;
			children = (
				5C58295A2124B7F900C16785 /* Base */,
			);
			name = Main.storyboard;
			sourceTree = "<group>";
		};
		5C58295E2124B7F900C16785 /* LaunchScreen.storyboard */ = {
			isa = PBXVariantGroup;
			children = (
				5C58295F2124B7F900C16785 /* Base */,
			);
			name = LaunchScreen.storyboard;
			sourceTree = "<group>";
		};
/* End PBXVariantGroup section */

/* Begin XCBuildConfiguration section */
		5C5829782124B7FA00C16785 /* Debug */ = {
			isa = XCBuildConfiguration;
			buildSettings = {
				ALWAYS_SEARCH_USER_PATHS = NO;
				CLANG_ANALYZER_NONNULL = YES;
				CLANG_ANALYZER_NUMBER_OBJECT_CONVERSION = YES_AGGRESSIVE;
				CLANG_CXX_LANGUAGE_STANDARD = "gnu++14";
				CLANG_CXX_LIBRARY = "libc++";
				CLANG_ENABLE_MODULES = YES;
				CLANG_ENABLE_OBJC_ARC = YES;
				CLANG_WARN_BLOCK_CAPTURE_AUTORELEASING = YES;
				CLANG_WARN_BOOL_CONVERSION = YES;
				CLANG_WARN_COMMA = YES;
				CLANG_WARN_CONSTANT_CONVERSION = YES;
				CLANG_WARN_DIRECT_OBJC_ISA_USAGE = YES_ERROR;
				CLANG_WARN_DOCUMENTATION_COMMENTS = YES;
				CLANG_WARN_EMPTY_BODY = YES;
				CLANG_WARN_ENUM_CONVERSION = YES;
				CLANG_WARN_INFINITE_RECURSION = YES;
				CLANG_WARN_INT_CONVERSION = YES;
				CLANG_WARN_NON_LITERAL_NULL_CONVERSION = YES;
				CLANG_WARN_OBJC_LITERAL_CONVERSION = YES;
				CLANG_WARN_OBJC_ROOT_CLASS = YES_ERROR;
				CLANG_WARN_RANGE_LOOP_ANALYSIS = YES;
				CLANG_WARN_STRICT_PROTOTYPES = YES;
				CLANG_WARN_SUSPICIOUS_MOVE = YES;
				CLANG_WARN_UNGUARDED_AVAILABILITY = YES_AGGRESSIVE;
				CLANG_WARN_UNREACHABLE_CODE = YES;
				CLANG_WARN__DUPLICATE_METHOD_MATCH = YES;
				CODE_SIGN_IDENTITY = "iPhone Developer";
				COPY_PHASE_STRIP = NO;
				DEBUG_INFORMATION_FORMAT = dwarf;
				ENABLE_STRICT_OBJC_MSGSEND = YES;
				ENABLE_TESTABILITY = YES;
				GCC_C_LANGUAGE_STANDARD = gnu11;
				GCC_DYNAMIC_NO_PIC = NO;
				GCC_NO_COMMON_BLOCKS = YES;
				GCC_OPTIMIZATION_LEVEL = 0;
				GCC_PREPROCESSOR_DEFINITIONS = (
					"DEBUG=1",
					"$(inherited)",
				);
				GCC_WARN_64_TO_32_BIT_CONVERSION = YES;
				GCC_WARN_ABOUT_RETURN_TYPE = YES_ERROR;
				GCC_WARN_UNDECLARED_SELECTOR = YES;
				GCC_WARN_UNINITIALIZED_AUTOS = YES_AGGRESSIVE;
				GCC_WARN_UNUSED_FUNCTION = YES;
				GCC_WARN_UNUSED_VARIABLE = YES;
				IPHONEOS_DEPLOYMENT_TARGET = 11.1;
				MTL_ENABLE_DEBUG_INFO = YES;
				ONLY_ACTIVE_ARCH = YES;
				SDKROOT = iphoneos;
				SWIFT_ACTIVE_COMPILATION_CONDITIONS = DEBUG;
				SWIFT_OPTIMIZATION_LEVEL = "-Onone";
			};
			name = Debug;
		};
		5C5829792124B7FA00C16785 /* Release */ = {
			isa = XCBuildConfiguration;
			buildSettings = {
				ALWAYS_SEARCH_USER_PATHS = NO;
				CLANG_ANALYZER_NONNULL = YES;
				CLANG_ANALYZER_NUMBER_OBJECT_CONVERSION = YES_AGGRESSIVE;
				CLANG_CXX_LANGUAGE_STANDARD = "gnu++14";
				CLANG_CXX_LIBRARY = "libc++";
				CLANG_ENABLE_MODULES = YES;
				CLANG_ENABLE_OBJC_ARC = YES;
				CLANG_WARN_BLOCK_CAPTURE_AUTORELEASING = YES;
				CLANG_WARN_BOOL_CONVERSION = YES;
				CLANG_WARN_COMMA = YES;
				CLANG_WARN_CONSTANT_CONVERSION = YES;
				CLANG_WARN_DIRECT_OBJC_ISA_USAGE = YES_ERROR;
				CLANG_WARN_DOCUMENTATION_COMMENTS = YES;
				CLANG_WARN_EMPTY_BODY = YES;
				CLANG_WARN_ENUM_CONVERSION = YES;
				CLANG_WARN_INFINITE_RECURSION = YES;
				CLANG_WARN_INT_CONVERSION = YES;
				CLANG_WARN_NON_LITERAL_NULL_CONVERSION = YES;
				CLANG_WARN_OBJC_LITERAL_CONVERSION = YES;
				CLANG_WARN_OBJC_ROOT_CLASS = YES_ERROR;
				CLANG_WARN_RANGE_LOOP_ANALYSIS = YES;
				CLANG_WARN_STRICT_PROTOTYPES = YES;
				CLANG_WARN_SUSPICIOUS_MOVE = YES;
				CLANG_WARN_UNGUARDED_AVAILABILITY = YES_AGGRESSIVE;
				CLANG_WARN_UNREACHABLE_CODE = YES;
				CLANG_WARN__DUPLICATE_METHOD_MATCH = YES;
				CODE_SIGN_IDENTITY = "iPhone Developer";
				COPY_PHASE_STRIP = NO;
				DEBUG_INFORMATION_FORMAT = "dwarf-with-dsym";
				ENABLE_NS_ASSERTIONS = NO;
				ENABLE_STRICT_OBJC_MSGSEND = YES;
				GCC_C_LANGUAGE_STANDARD = gnu11;
				GCC_NO_COMMON_BLOCKS = YES;
				GCC_WARN_64_TO_32_BIT_CONVERSION = YES;
				GCC_WARN_ABOUT_RETURN_TYPE = YES_ERROR;
				GCC_WARN_UNDECLARED_SELECTOR = YES;
				GCC_WARN_UNINITIALIZED_AUTOS = YES_AGGRESSIVE;
				GCC_WARN_UNUSED_FUNCTION = YES;
				GCC_WARN_UNUSED_VARIABLE = YES;
				IPHONEOS_DEPLOYMENT_TARGET = 11.1;
				MTL_ENABLE_DEBUG_INFO = NO;
				SDKROOT = iphoneos;
				SWIFT_OPTIMIZATION_LEVEL = "-Owholemodule";
				VALIDATE_PRODUCT = YES;
			};
			name = Release;
		};
		5C58297B2124B7FA00C16785 /* Debug */ = {
			isa = XCBuildConfiguration;
			baseConfigurationReference = 6783FB594A8FA13EECE544D0 /* Pods-Instagram.debug.xcconfig */;
			buildSettings = {
				ASSETCATALOG_COMPILER_APPICON_NAME = AppIcon;
				CODE_SIGN_STYLE = Automatic;
				DEVELOPMENT_TEAM = Q7HVAVTGUP;
				INFOPLIST_FILE = Instagram/Info.plist;
				LD_RUNPATH_SEARCH_PATHS = "$(inherited) @executable_path/Frameworks";
				PRODUCT_BUNDLE_IDENTIFIER = MayankGandhi.Instagram;
				PRODUCT_NAME = "$(TARGET_NAME)";
				SWIFT_VERSION = 4.0;
				TARGETED_DEVICE_FAMILY = "1,2";
			};
			name = Debug;
		};
		5C58297C2124B7FA00C16785 /* Release */ = {
			isa = XCBuildConfiguration;
			baseConfigurationReference = 5060FFD9CD0D86159B09F31C /* Pods-Instagram.release.xcconfig */;
			buildSettings = {
				ASSETCATALOG_COMPILER_APPICON_NAME = AppIcon;
				CODE_SIGN_STYLE = Automatic;
				DEVELOPMENT_TEAM = Q7HVAVTGUP;
				INFOPLIST_FILE = Instagram/Info.plist;
				LD_RUNPATH_SEARCH_PATHS = "$(inherited) @executable_path/Frameworks";
				PRODUCT_BUNDLE_IDENTIFIER = MayankGandhi.Instagram;
				PRODUCT_NAME = "$(TARGET_NAME)";
				SWIFT_VERSION = 4.0;
				TARGETED_DEVICE_FAMILY = "1,2";
			};
			name = Release;
		};
		5C58297E2124B7FA00C16785 /* Debug */ = {
			isa = XCBuildConfiguration;
			baseConfigurationReference = CB1A72E9035642E07DBF6931 /* Pods-InstagramTests.debug.xcconfig */;
			buildSettings = {
				ALWAYS_EMBED_SWIFT_STANDARD_LIBRARIES = YES;
				BUNDLE_LOADER = "$(TEST_HOST)";
				CODE_SIGN_STYLE = Automatic;
				DEVELOPMENT_TEAM = Q7HVAVTGUP;
				INFOPLIST_FILE = InstagramTests/Info.plist;
				LD_RUNPATH_SEARCH_PATHS = "$(inherited) @executable_path/Frameworks @loader_path/Frameworks";
				PRODUCT_BUNDLE_IDENTIFIER = MayankGandhi.InstagramTests;
				PRODUCT_NAME = "$(TARGET_NAME)";
				SWIFT_VERSION = 4.0;
				TARGETED_DEVICE_FAMILY = "1,2";
				TEST_HOST = "$(BUILT_PRODUCTS_DIR)/Instagram.app/Instagram";
			};
			name = Debug;
		};
		5C58297F2124B7FA00C16785 /* Release */ = {
			isa = XCBuildConfiguration;
			baseConfigurationReference = 32DA26FB3D4F089ED5505818 /* Pods-InstagramTests.release.xcconfig */;
			buildSettings = {
				ALWAYS_EMBED_SWIFT_STANDARD_LIBRARIES = YES;
				BUNDLE_LOADER = "$(TEST_HOST)";
				CODE_SIGN_STYLE = Automatic;
				DEVELOPMENT_TEAM = Q7HVAVTGUP;
				INFOPLIST_FILE = InstagramTests/Info.plist;
				LD_RUNPATH_SEARCH_PATHS = "$(inherited) @executable_path/Frameworks @loader_path/Frameworks";
				PRODUCT_BUNDLE_IDENTIFIER = MayankGandhi.InstagramTests;
				PRODUCT_NAME = "$(TARGET_NAME)";
				SWIFT_VERSION = 4.0;
				TARGETED_DEVICE_FAMILY = "1,2";
				TEST_HOST = "$(BUILT_PRODUCTS_DIR)/Instagram.app/Instagram";
			};
			name = Release;
		};
		5C5829812124B7FA00C16785 /* Debug */ = {
			isa = XCBuildConfiguration;
			baseConfigurationReference = 95CE7CC251D27D701EBB793A /* Pods-InstagramUITests.debug.xcconfig */;
			buildSettings = {
				ALWAYS_EMBED_SWIFT_STANDARD_LIBRARIES = YES;
				CODE_SIGN_STYLE = Automatic;
				DEVELOPMENT_TEAM = Q7HVAVTGUP;
				INFOPLIST_FILE = InstagramUITests/Info.plist;
				LD_RUNPATH_SEARCH_PATHS = "$(inherited) @executable_path/Frameworks @loader_path/Frameworks";
				PRODUCT_BUNDLE_IDENTIFIER = MayankGandhi.InstagramUITests;
				PRODUCT_NAME = "$(TARGET_NAME)";
				SWIFT_VERSION = 4.0;
				TARGETED_DEVICE_FAMILY = "1,2";
				TEST_TARGET_NAME = Instagram;
			};
			name = Debug;
		};
		5C5829822124B7FA00C16785 /* Release */ = {
			isa = XCBuildConfiguration;
			baseConfigurationReference = 62FE974A3B6CB6A18401B465 /* Pods-InstagramUITests.release.xcconfig */;
			buildSettings = {
				ALWAYS_EMBED_SWIFT_STANDARD_LIBRARIES = YES;
				CODE_SIGN_STYLE = Automatic;
				DEVELOPMENT_TEAM = Q7HVAVTGUP;
				INFOPLIST_FILE = InstagramUITests/Info.plist;
				LD_RUNPATH_SEARCH_PATHS = "$(inherited) @executable_path/Frameworks @loader_path/Frameworks";
				PRODUCT_BUNDLE_IDENTIFIER = MayankGandhi.InstagramUITests;
				PRODUCT_NAME = "$(TARGET_NAME)";
				SWIFT_VERSION = 4.0;
				TARGETED_DEVICE_FAMILY = "1,2";
				TEST_TARGET_NAME = Instagram;
			};
			name = Release;
		};
/* End XCBuildConfiguration section */

/* Begin XCConfigurationList section */
		5C58294D2124B7F900C16785 /* Build configuration list for PBXProject "Instagram" */ = {
			isa = XCConfigurationList;
			buildConfigurations = (
				5C5829782124B7FA00C16785 /* Debug */,
				5C5829792124B7FA00C16785 /* Release */,
			);
			defaultConfigurationIsVisible = 0;
			defaultConfigurationName = Release;
		};
		5C58297A2124B7FA00C16785 /* Build configuration list for PBXNativeTarget "Instagram" */ = {
			isa = XCConfigurationList;
			buildConfigurations = (
				5C58297B2124B7FA00C16785 /* Debug */,
				5C58297C2124B7FA00C16785 /* Release */,
			);
			defaultConfigurationIsVisible = 0;
			defaultConfigurationName = Release;
		};
		5C58297D2124B7FA00C16785 /* Build configuration list for PBXNativeTarget "InstagramTests" */ = {
			isa = XCConfigurationList;
			buildConfigurations = (
				5C58297E2124B7FA00C16785 /* Debug */,
				5C58297F2124B7FA00C16785 /* Release */,
			);
			defaultConfigurationIsVisible = 0;
			defaultConfigurationName = Release;
		};
		5C5829802124B7FA00C16785 /* Build configuration list for PBXNativeTarget "InstagramUITests" */ = {
			isa = XCConfigurationList;
			buildConfigurations = (
				5C5829812124B7FA00C16785 /* Debug */,
				5C5829822124B7FA00C16785 /* Release */,
			);
			defaultConfigurationIsVisible = 0;
			defaultConfigurationName = Release;
		};
/* End XCConfigurationList section */
	};
	rootObject = 5C58294A2124B7F900C16785 /* Project object */;
}
